
Microsoft Visual Studio Solution File, Format Version 12.00
# Visual Studio Version 17
VisualStudioVersion = 17.9.34622.214
MinimumVisualStudioVersion = 10.0.40219.1
Project("{8BC9CEB8-8B4A-11D0-8D11-00A0C91BC942}") = "2-3 Activity Buffer Overflow Coding", "2-3 Activity Buffer Overflow Coding\2-3 Activity Buffer Overflow Coding.vcxproj", "{AFA81B2E-C4F1-4282-973C-852306EAC843}"
EndProject
Global
	GlobalSection(SolutionConfigurationPlatforms) = preSolution
		Debug|x64 = Debug|x64
		Debug|x86 = Debug|x86
		Release|x64 = Release|x64
		Release|x86 = Release|x86
	EndGlobalSection
	GlobalSection(ProjectConfigurationPlatforms) = postSolution
		{AFA81B2E-C4F1-4282-973C-852306EAC843}.Debug|x64.ActiveCfg = Debug|x64
		{AFA81B2E-C4F1-4282-973C-852306EAC843}.Debug|x64.Build.0 = Debug|x64
		{AFA81B2E-C4F1-4282-973C-852306EAC843}.Debug|x86.ActiveCfg = Debug|Win32
		{AFA81B2E-C4F1-4282-973C-852306EAC843}.Debug|x86.Build.0 = Debug|Win32
		{AFA81B2E-C4F1-4282-973C-852306EAC843}.Release|x64.ActiveCfg = Release|x64
		{AFA81B2E-C4F1-4282-973C-852306EAC843}.Release|x64.Build.0 = Release|x64
		{AFA81B2E-C4F1-4282-973C-852306EAC843}.Release|x86.ActiveCfg = Release|Win32
		{AFA81B2E-C4F1-4282-973C-852306EAC843}.Release|x86.Build.0 = Release|Win32
	EndGlobalSection
	GlobalSection(SolutionProperties) = preSolution
		HideSolutionNode = FALSE
	EndGlobalSection
	GlobalSection(ExtensibilityGlobals) = postSolution
		SolutionGuid = {DDAAD9C0-CB2A-47C2-8D53-4A17F9CB9624}
	EndGlobalSection
EndGlobal
